
Microsoft Visual Studio Solution File, Format Version 12.00
# Visual Studio Version 16
VisualStudioVersion = 16.0.29001.49
MinimumVisualStudioVersion = 10.0.40219.1
Project("{FAE04EC0-301F-11D3-BF4B-00C04F79EFBC}") = "TemperatureFix", "TemperatureFix\TemperatureFix.csproj", "{256362C3-D3C5-48AE-9033-B88C6431DF34}"
EndProject
Global
	GlobalSection(SolutionConfigurationPlatforms) = preSolution
		Debug|Any CPU = Debug|Any CPU
		Release|Any CPU = Release|Any CPU
	EndGlobalSection
	GlobalSection(ProjectConfigurationPlatforms) = postSolution
		{256362C3-D3C5-48AE-9033-B88C6431DF34}.Debug|Any CPU.ActiveCfg = Debug|Any CPU
		{256362C3-D3C5-48AE-9033-B88C6431DF34}.Debug|Any CPU.Build.0 = Debug|Any CPU
		{256362C3-D3C5-48AE-9033-B88C6431DF34}.Release|Any CPU.ActiveCfg = Release|Any CPU
		{256362C3-D3C5-48AE-9033-B88C6431DF34}.Release|Any CPU.Build.0 = Release|Any CPU
	EndGlobalSection
	GlobalSection(SolutionProperties) = preSolution
		HideSolutionNode = FALSE
	EndGlobalSection
	GlobalSection(ExtensibilityGlobals) = postSolution
		SolutionGuid = {04C17BDA-AEB8-4DBB-BA16-94AC9740C3E8}
	EndGlobalSection
EndGlobal
